// !$*UTF8*$!
{
	archiveVersion = 1;
	classes = {
	};
	objectVersion = 48;
	objects = {

/* Begin PBXBuildFile section */
		D762E70E2100D12C008914C4 /* AppDelegate.m in Sources */ = {isa = PBXBuildFile; fileRef = D762E70D2100D12C008914C4 /* AppDelegate.m */; };
		D762E7112100D12C008914C4 /* ViewController.m in Sources */ = {isa = PBXBuildFile; fileRef = D762E7102100D12C008914C4 /* ViewController.m */; };
		D762E7142100D12C008914C4 /* Main.storyboard in Resources */ = {isa = PBXBuildFile; fileRef = D762E7122100D12C008914C4 /* Main.storyboard */; };
		D762E7162100D12C008914C4 /* Assets.xcassets in Resources */ = {isa = PBXBuildFile; fileRef = D762E7152100D12C008914C4 /* Assets.xcassets */; };
		D762E7192100D12C008914C4 /* LaunchScreen.storyboard in Resources */ = {isa = PBXBuildFile; fileRef = D762E7172100D12C008914C4 /* LaunchScreen.storyboard */; };
		D762E71C2100D12C008914C4 /* main.m in Sources */ = {isa = PBXBuildFile; fileRef = D762E71B2100D12C008914C4 /* main.m */; };
		D762E7262100D12C008914C4 /* MYProxy_DemoTests.m in Sources */ = {isa = PBXBuildFile; fileRef = D762E7252100D12C008914C4 /* MYProxy_DemoTests.m */; };
		D762E7312100D12C008914C4 /* MYProxy_DemoUITests.m in Sources */ = {isa = PBXBuildFile; fileRef = D762E7302100D12C008914C4 /* MYProxy_DemoUITests.m */; };
		D762E7402100D1D9008914C4 /* MYProxy.m in Sources */ = {isa = PBXBuildFile; fileRef = D762E73F2100D1D9008914C4 /* MYProxy.m */; };
		D762E7432100D8D7008914C4 /* RYProxy.m in Sources */ = {isa = PBXBuildFile; fileRef = D762E7422100D8D7008914C4 /* RYProxy.m */; };
		D762E7452100DEC6008914C4 /* NSProxy.md in Resources */ = {isa = PBXBuildFile; fileRef = D762E7442100DEC6008914C4 /* NSProxy.md */; };
/* End PBXBuildFile section */

/* Begin PBXContainerItemProxy section */
		D762E7222100D12C008914C4 /* PBXContainerItemProxy */ = {
			isa = PBXContainerItemProxy;
			containerPortal = D762E7012100D12C008914C4 /* Project object */;
			proxyType = 1;
			remoteGlobalIDString = D762E7082100D12C008914C4;
			remoteInfo = MYProxy_Demo;
		};
		D762E72D2100D12C008914C4 /* PBXContainerItemProxy */ = {
			isa = PBXContainerItemProxy;
			containerPortal = D762E7012100D12C008914C4 /* Project object */;
			proxyType = 1;
			remoteGlobalIDString = D762E7082100D12C008914C4;
			remoteInfo = MYProxy_Demo;
		};
/* End PBXContainerItemProxy section */

/* Begin PBXFileReference section */
		D762E7092100D12C008914C4 /* MYProxy_Demo.app */ = {isa = PBXFileReference; explicitFileType = wrapper.application; includeInIndex = 0; path = MYProxy_Demo.app; sourceTree = BUILT_PRODUCTS_DIR; };
		D762E70C2100D12C008914C4 /* AppDelegate.h */ = {isa = PBXFileReference; lastKnownFileType = sourcecode.c.h; path = AppDelegate.h; sourceTree = "<group>"; };
		D762E70D2100D12C008914C4 /* AppDelegate.m */ = {isa = PBXFileReference; lastKnownFileType = sourcecode.c.objc; path = AppDelegate.m; sourceTree = "<group>"; };
		D762E70F2100D12C008914C4 /* ViewController.h */ = {isa = PBXFileReference; lastKnownFileType = sourcecode.c.h; path = ViewController.h; sourceTree = "<group>"; };
		D762E7102100D12C008914C4 /* ViewController.m */ = {isa = PBXFileReference; lastKnownFileType = sourcecode.c.objc; path = ViewController.m; sourceTree = "<group>"; };
		D762E7132100D12C008914C4 /* Base */ = {isa = PBXFileReference; lastKnownFileType = file.storyboard; name = Base; path = Base.lproj/Main.storyboard; sourceTree = "<group>"; };
		D762E7152100D12C008914C4 /* Assets.xcassets */ = {isa = PBXFileReference; lastKnownFileType = folder.assetcatalog; path = Assets.xcassets; sourceTree = "<group>"; };
		D762E7182100D12C008914C4 /* Base */ = {isa = PBXFileReference; lastKnownFileType = file.storyboard; name = Base; path = Base.lproj/LaunchScreen.storyboard; sourceTree = "<group>"; };
		D762E71A2100D12C008914C4 /* Info.plist */ = {isa = PBXFileReference; lastKnownFileType = text.plist.xml; path = Info.plist; sourceTree = "<group>"; };
		D762E71B2100D12C008914C4 /* main.m */ = {isa = PBXFileReference; lastKnownFileType = sourcecode.c.objc; path = main.m; sourceTree = "<group>"; };
		D762E7212100D12C008914C4 /* MYProxy_DemoTests.xctest */ = {isa = PBXFileReference; explicitFileType = wrapper.cfbundle; includeInIndex = 0; path = MYProxy_DemoTests.xctest; sourceTree = BUILT_PRODUCTS_DIR; };
		D762E7252100D12C008914C4 /* MYProxy_DemoTests.m */ = {isa = PBXFileReference; lastKnownFileType = sourcecode.c.objc; path = MYProxy_DemoTests.m; sourceTree = "<group>"; };
		D762E7272100D12C008914C4 /* Info.plist */ = {isa = PBXFileReference; lastKnownFileType = text.plist.xml; path = Info.plist; sourceTree = "<group>"; };
		D762E72C2100D12C008914C4 /* MYProxy_DemoUITests.xctest */ = {isa = PBXFileReference; explicitFileType = wrapper.cfbundle; includeInIndex = 0; path = MYProxy_DemoUITests.xctest; sourceTree = BUILT_PRODUCTS_DIR; };
		D762E7302100D12C008914C4 /* MYProxy_DemoUITests.m */ = {isa = PBXFileReference; lastKnownFileType = sourcecode.c.objc; path = MYProxy_DemoUITests.m; sourceTree = "<group>"; };
		D762E7322100D12C008914C4 /* Info.plist */ = {isa = PBXFileReference; lastKnownFileType = text.plist.xml; path = Info.plist; sourceTree = "<group>"; };
		D762E73E2100D1D9008914C4 /* MYProxy.h */ = {isa = PBXFileReference; lastKnownFileType = sourcecode.c.h; path = MYProxy.h; sourceTree = "<group>"; };
		D762E73F2100D1D9008914C4 /* MYProxy.m */ = {isa = PBXFileReference; lastKnownFileType = sourcecode.c.objc; path = MYProxy.m; sourceTree = "<group>"; };
		D762E7412100D8D7008914C4 /* RYProxy.h */ = {isa = PBXFileReference; lastKnownFileType = sourcecode.c.h; path = RYProxy.h; sourceTree = "<group>"; };
		D762E7422100D8D7008914C4 /* RYProxy.m */ = {isa = PBXFileReference; lastKnownFileType = sourcecode.c.objc; path = RYProxy.m; sourceTree = "<group>"; };
		D762E7442100DEC6008914C4 /* NSProxy.md */ = {isa = PBXFileReference; fileEncoding = 4; lastKnownFileType = net.daringfireball.markdown; path = NSProxy.md; sourceTree = "<group>"; };
/* End PBXFileReference section */

/* Begin PBXFrameworksBuildPhase section */
		D762E7062100D12C008914C4 /* Frameworks */ = {
			isa = PBXFrameworksBuildPhase;
			buildActionMask = 2147483647;
			files = (
			);
			runOnlyForDeploymentPostprocessing = 0;
		};
		D762E71E2100D12C008914C4 /* Frameworks */ = {
			isa = PBXFrameworksBuildPhase;
			buildActionMask = 2147483647;
			files = (
			);
			runOnlyForDeploymentPostprocessing = 0;
		};
		D762E7292100D12C008914C4 /* Frameworks */ = {
			isa = PBXFrameworksBuildPhase;
			buildActionMask = 2147483647;
			files = (
			);
			runOnlyForDeploymentPostprocessing = 0;
		};
/* End PBXFrameworksBuildPhase section */

/* Begin PBXGroup section */
		D762E7002100D12C008914C4 = {
			isa = PBXGroup;
			children = (
				D762E7442100DEC6008914C4 /* NSProxy.md */,
				D762E70B2100D12C008914C4 /* MYProxy_Demo */,
				D762E7242100D12C008914C4 /* MYProxy_DemoTests */,
				D762E72F2100D12C008914C4 /* MYProxy_DemoUITests */,
				D762E70A2100D12C008914C4 /* Products */,
			);
			sourceTree = "<group>";
		};
		D762E70A2100D12C008914C4 /* Products */ = {
			isa = PBXGroup;
			children = (
				D762E7092100D12C008914C4 /* MYProxy_Demo.app */,
				D762E7212100D12C008914C4 /* MYProxy_DemoTests.xctest */,
				D762E72C2100D12C008914C4 /* MYProxy_DemoUITests.xctest */,
			);
			name = Products;
			sourceTree = "<group>";
		};
		D762E70B2100D12C008914C4 /* MYProxy_Demo */ = {
			isa = PBXGroup;
			children = (
				D762E70C2100D12C008914C4 /* AppDelegate.h */,
				D762E70D2100D12C008914C4 /* AppDelegate.m */,
				D762E70F2100D12C008914C4 /* ViewController.h */,
				D762E7102100D12C008914C4 /* ViewController.m */,
				D762E73E2100D1D9008914C4 /* MYProxy.h */,
				D762E73F2100D1D9008914C4 /* MYProxy.m */,
				D762E7412100D8D7008914C4 /* RYProxy.h */,
				D762E7422100D8D7008914C4 /* RYProxy.m */,
				D762E7122100D12C008914C4 /* Main.storyboard */,
				D762E7152100D12C008914C4 /* Assets.xcassets */,
				D762E7172100D12C008914C4 /* LaunchScreen.storyboard */,
				D762E71A2100D12C008914C4 /* Info.plist */,
				D762E71B2100D12C008914C4 /* main.m */,
			);
			path = MYProxy_Demo;
			sourceTree = "<group>";
		};
		D762E7242100D12C008914C4 /* MYProxy_DemoTests */ = {
			isa = PBXGroup;
			children = (
				D762E7252100D12C008914C4 /* MYProxy_DemoTests.m */,
				D762E7272100D12C008914C4 /* Info.plist */,
			);
			path = MYProxy_DemoTests;
			sourceTree = "<group>";
		};
		D762E72F2100D12C008914C4 /* MYProxy_DemoUITests */ = {
			isa = PBXGroup;
			children = (
				D762E7302100D12C008914C4 /* MYProxy_DemoUITests.m */,
				D762E7322100D12C008914C4 /* Info.plist */,
			);
			path = MYProxy_DemoUITests;
			sourceTree = "<group>";
		};
/* End PBXGroup section */

/* Begin PBXNativeTarget section */
		D762E7082100D12C008914C4 /* MYProxy_Demo */ = {
			isa = PBXNativeTarget;
			buildConfigurationList = D762E7352100D12C008914C4 /* Build configuration list for PBXNativeTarget "MYProxy_Demo" */;
			buildPhases = (
				D762E7052100D12C008914C4 /* Sources */,
				D762E7062100D12C008914C4 /* Frameworks */,
				D762E7072100D12C008914C4 /* Resources */,
			);
			buildRules = (
			);
			dependencies = (
			);
			name = MYProxy_Demo;
			productName = MYProxy_Demo;
			productReference = D762E7092100D12C008914C4 /* MYProxy_Demo.app */;
			productType = "com.apple.product-type.application";
		};
		D762E7202100D12C008914C4 /* MYProxy_DemoTests */ = {
			isa = PBXNativeTarget;
			buildConfigurationList = D762E7382100D12C008914C4 /* Build configuration list for PBXNativeTarget "MYProxy_DemoTests" */;
			buildPhases = (
				D762E71D2100D12C008914C4 /* Sources */,
				D762E71E2100D12C008914C4 /* Frameworks */,
				D762E71F2100D12C008914C4 /* Resources */,
			);
			buildRules = (
			);
			dependencies = (
				D762E7232100D12C008914C4 /* PBXTargetDependency */,
			);
			name = MYProxy_DemoTests;
			productName = MYProxy_DemoTests;
			productReference = D762E7212100D12C008914C4 /* MYProxy_DemoTests.xctest */;
			productType = "com.apple.product-type.bundle.unit-test";
		};
		D762E72B2100D12C008914C4 /* MYProxy_DemoUITests */ = {
			isa = PBXNativeTarget;
			buildConfigurationList = D762E73B2100D12C008914C4 /* Build configuration list for PBXNativeTarget "MYProxy_DemoUITests" */;
			buildPhases = (
				D762E7282100D12C008914C4 /* Sources */,
				D762E7292100D12C008914C4 /* Frameworks */,
				D762E72A2100D12C008914C4 /* Resources */,
			);
			buildRules = (
			);
			dependencies = (
				D762E72E2100D12C008914C4 /* PBXTargetDependency */,
			);
			name = MYProxy_DemoUITests;
			productName = MYProxy_DemoUITests;
			productReference = D762E72C2100D12C008914C4 /* MYProxy_DemoUITests.xctest */;
			productType = "com.apple.product-type.bundle.ui-testing";
		};
/* End PBXNativeTarget section */

/* Begin PBXProject section */
		D762E7012100D12C008914C4 /* Project object */ = {
			isa = PBXProject;
			attributes = {
				LastUpgradeCheck = 0920;
				ORGANIZATIONNAME = dingbinbin;
				TargetAttributes = {
					D762E7082100D12C008914C4 = {
						CreatedOnToolsVersion = 9.2;
						ProvisioningStyle = Automatic;
					};
					D762E7202100D12C008914C4 = {
						CreatedOnToolsVersion = 9.2;
						ProvisioningStyle = Automatic;
						TestTargetID = D762E7082100D12C008914C4;
					};
					D762E72B2100D12C008914C4 = {
						CreatedOnToolsVersion = 9.2;
						ProvisioningStyle = Automatic;
						TestTargetID = D762E7082100D12C008914C4;
					};
				};
			};
			buildConfigurationList = D762E7042100D12C008914C4 /* Build configuration list for PBXProject "MYProxy_Demo" */;
			compatibilityVersion = "Xcode 8.0";
			developmentRegion = en;
			hasScannedForEncodings = 0;
			knownRegions = (
				en,
				Base,
			);
			mainGroup = D762E7002100D12C008914C4;
			productRefGroup = D762E70A2100D12C008914C4 /* Products */;
			projectDirPath = "";
			projectRoot = "";
			targets = (
				D762E7082100D12C008914C4 /* MYProxy_Demo */,
				D762E7202100D12C008914C4 /* MYProxy_DemoTests */,
				D762E72B2100D12C008914C4 /* MYProxy_DemoUITests */,
			);
		};
/* End PBXProject section */

/* Begin PBXResourcesBuildPhase section */
		D762E7072100D12C008914C4 /* Resources */ = {
			isa = PBXResourcesBuildPhase;
			buildActionMask = 2147483647;
			files = (
				D762E7452100DEC6008914C4 /* NSProxy.md in Resources */,
				D762E7192100D12C008914C4 /* LaunchScreen.storyboard in Resources */,
				D762E7162100D12C008914C4 /* Assets.xcassets in Resources */,
				D762E7142100D12C008914C4 /* Main.storyboard in Resources */,
			);
			runOnlyForDeploymentPostprocessing = 0;
		};
		D762E71F2100D12C008914C4 /* Resources */ = {
			isa = PBXResourcesBuildPhase;
			buildActionMask = 2147483647;
			files = (
			);
			runOnlyForDeploymentPostprocessing = 0;
		};
		D762E72A2100D12C008914C4 /* Resources */ = {
			isa = PBXResourcesBuildPhase;
			buildActionMask = 2147483647;
			files = (
			);
			runOnlyForDeploymentPostprocessing = 0;
		};
/* End PBXResourcesBuildPhase section */

/* Begin PBXSourcesBuildPhase section */
		D762E7052100D12C008914C4 /* Sources */ = {
			isa = PBXSourcesBuildPhase;
			buildActionMask = 2147483647;
			files = (
				D762E7402100D1D9008914C4 /* MYProxy.m in Sources */,
				D762E7432100D8D7008914C4 /* RYProxy.m in Sources */,
				D762E7112100D12C008914C4 /* ViewController.m in Sources */,
				D762E71C2100D12C008914C4 /* main.m in Sources */,
				D762E70E2100D12C008914C4 /* AppDelegate.m in Sources */,
			);
			runOnlyForDeploymentPostprocessing = 0;
		};
		D762E71D2100D12C008914C4 /* Sources */ = {
			isa = PBXSourcesBuildPhase;
			buildActionMask = 2147483647;
			files = (
				D762E7262100D12C008914C4 /* MYProxy_DemoTests.m in Sources */,
			);
			runOnlyForDeploymentPostprocessing = 0;
		};
		D762E7282100D12C008914C4 /* Sources */ = {
			isa = PBXSourcesBuildPhase;
			buildActionMask = 2147483647;
			files = (
				D762E7312100D12C008914C4 /* MYProxy_DemoUITests.m in Sources */,
			);
			runOnlyForDeploymentPostprocessing = 0;
		};
/* End PBXSourcesBuildPhase section */

/* Begin PBXTargetDependency section */
		D762E7232100D12C008914C4 /* PBXTargetDependency */ = {
			isa = PBXTargetDependency;
			target = D762E7082100D12C008914C4 /* MYProxy_Demo */;
			targetProxy = D762E7222100D12C008914C4 /* PBXContainerItemProxy */;
		};
		D762E72E2100D12C008914C4 /* PBXTargetDependency */ = {
			isa = PBXTargetDependency;
			target = D762E7082100D12C008914C4 /* MYProxy_Demo */;
			targetProxy = D762E72D2100D12C008914C4 /* PBXContainerItemProxy */;
		};
/* End PBXTargetDependency section */

/* Begin PBXVariantGroup section */
		D762E7122100D12C008914C4 /* Main.storyboard */ = {
			isa = PBXVariantGroup;
			children = (
				D762E7132100D12C008914C4 /* Base */,
			);
			name = Main.storyboard;
			sourceTree = "<group>";
		};
		D762E7172100D12C008914C4 /* LaunchScreen.storyboard */ = {
			isa = PBXVariantGroup;
			children = (
				D762E7182100D12C008914C4 /* Base */,
			);
			name = LaunchScreen.storyboard;
			sourceTree = "<group>";
		};
/* End PBXVariantGroup section */

/* Begin XCBuildConfiguration section */
		D762E7332100D12C008914C4 /* Debug */ = {
			isa = XCBuildConfiguration;
			buildSettings = {
				ALWAYS_SEARCH_USER_PATHS = NO;
				CLANG_ANALYZER_NONNULL = YES;
				CLANG_ANALYZER_NUMBER_OBJECT_CONVERSION = YES_AGGRESSIVE;
				CLANG_CXX_LANGUAGE_STANDARD = "gnu++14";
				CLANG_CXX_LIBRARY = "libc++";
				CLANG_ENABLE_MODULES = YES;
				CLANG_ENABLE_OBJC_ARC = YES;
				CLANG_WARN_BLOCK_CAPTURE_AUTORELEASING = YES;
				CLANG_WARN_BOOL_CONVERSION = YES;
				CLANG_WARN_COMMA = YES;
				CLANG_WARN_CONSTANT_CONVERSION = YES;
				CLANG_WARN_DIRECT_OBJC_ISA_USAGE = YES_ERROR;
				CLANG_WARN_DOCUMENTATION_COMMENTS = YES;
				CLANG_WARN_EMPTY_BODY = YES;
				CLANG_WARN_ENUM_CONVERSION = YES;
				CLANG_WARN_INFINITE_RECURSION = YES;
				CLANG_WARN_INT_CONVERSION = YES;
				CLANG_WARN_NON_LITERAL_NULL_CONVERSION = YES;
				CLANG_WARN_OBJC_LITERAL_CONVERSION = YES;
				CLANG_WARN_OBJC_ROOT_CLASS = YES_ERROR;
				CLANG_WARN_RANGE_LOOP_ANALYSIS = YES;
				CLANG_WARN_STRICT_PROTOTYPES = YES;
				CLANG_WARN_SUSPICIOUS_MOVE = YES;
				CLANG_WARN_UNGUARDED_AVAILABILITY = YES_AGGRESSIVE;
				CLANG_WARN_UNREACHABLE_CODE = YES;
				CLANG_WARN__DUPLICATE_METHOD_MATCH = YES;
				CODE_SIGN_IDENTITY = "iPhone Developer";
				COPY_PHASE_STRIP = NO;
				DEBUG_INFORMATION_FORMAT = dwarf;
				ENABLE_STRICT_OBJC_MSGSEND = YES;
				ENABLE_TESTABILITY = YES;
				GCC_C_LANGUAGE_STANDARD = gnu11;
				GCC_DYNAMIC_NO_PIC = NO;
				GCC_NO_COMMON_BLOCKS = YES;
				GCC_OPTIMIZATION_LEVEL = 0;
				GCC_PREPROCESSOR_DEFINITIONS = (
					"DEBUG=1",
					"$(inherited)",
				);
				GCC_WARN_64_TO_32_BIT_CONVERSION = YES;
				GCC_WARN_ABOUT_RETURN_TYPE = YES_ERROR;
				GCC_WARN_UNDECLARED_SELECTOR = YES;
				GCC_WARN_UNINITIALIZED_AUTOS = YES_AGGRESSIVE;
				GCC_WARN_UNUSED_FUNCTION = YES;
				GCC_WARN_UNUSED_VARIABLE = YES;
				IPHONEOS_DEPLOYMENT_TARGET = 11.2;
				MTL_ENABLE_DEBUG_INFO = YES;
				ONLY_ACTIVE_ARCH = YES;
				SDKROOT = iphoneos;
			};
			name = Debug;
		};
		D762E7342100D12C008914C4 /* Release */ = {
			isa = XCBuildConfiguration;
			buildSettings = {
				ALWAYS_SEARCH_USER_PATHS = NO;
				CLANG_ANALYZER_NONNULL = YES;
				CLANG_ANALYZER_NUMBER_OBJECT_CONVERSION = YES_AGGRESSIVE;
				CLANG_CXX_LANGUAGE_STANDARD = "gnu++14";
				CLANG_CXX_LIBRARY = "libc++";
				CLANG_ENABLE_MODULES = YES;
				CLANG_ENABLE_OBJC_ARC = YES;
				CLANG_WARN_BLOCK_CAPTURE_AUTORELEASING = YES;
				CLANG_WARN_BOOL_CONVERSION = YES;
				CLANG_WARN_COMMA = YES;
				CLANG_WARN_CONSTANT_CONVERSION = YES;
				CLANG_WARN_DIRECT_OBJC_ISA_USAGE = YES_ERROR;
				CLANG_WARN_DOCUMENTATION_COMMENTS = YES;
				CLANG_WARN_EMPTY_BODY = YES;
				CLANG_WARN_ENUM_CONVERSION = YES;
				CLANG_WARN_INFINITE_RECURSION = YES;
				CLANG_WARN_INT_CONVERSION = YES;
				CLANG_WARN_NON_LITERAL_NULL_CONVERSION = YES;
				CLANG_WARN_OBJC_LITERAL_CONVERSION = YES;
				CLANG_WARN_OBJC_ROOT_CLASS = YES_ERROR;
				CLANG_WARN_RANGE_LOOP_ANALYSIS = YES;
				CLANG_WARN_STRICT_PROTOTYPES = YES;
				CLANG_WARN_SUSPICIOUS_MOVE = YES;
				CLANG_WARN_UNGUARDED_AVAILABILITY = YES_AGGRESSIVE;
				CLANG_WARN_UNREACHABLE_CODE = YES;
				CLANG_WARN__DUPLICATE_METHOD_MATCH = YES;
				CODE_SIGN_IDENTITY = "iPhone Developer";
				COPY_PHASE_STRIP = NO;
				DEBUG_INFORMATION_FORMAT = "dwarf-with-dsym";
				ENABLE_NS_ASSERTIONS = NO;
				ENABLE_STRICT_OBJC_MSGSEND = YES;
				GCC_C_LANGUAGE_STANDARD = gnu11;
				GCC_NO_COMMON_BLOCKS = YES;
				GCC_WARN_64_TO_32_BIT_CONVERSION = YES;
				GCC_WARN_ABOUT_RETURN_TYPE = YES_ERROR;
				GCC_WARN_UNDECLARED_SELECTOR = YES;
				GCC_WARN_UNINITIALIZED_AUTOS = YES_AGGRESSIVE;
				GCC_WARN_UNUSED_FUNCTION = YES;
				GCC_WARN_UNUSED_VARIABLE = YES;
				IPHONEOS_DEPLOYMENT_TARGET = 11.2;
				MTL_ENABLE_DEBUG_INFO = NO;
				SDKROOT = iphoneos;
				VALIDATE_PRODUCT = YES;
			};
			name = Release;
		};
		D762E7362100D12C008914C4 /* Debug */ = {
			isa = XCBuildConfiguration;
			buildSettings = {
				ASSETCATALOG_COMPILER_APPICON_NAME = AppIcon;
				CODE_SIGN_STYLE = Automatic;
				INFOPLIST_FILE = MYProxy_Demo/Info.plist;
				LD_RUNPATH_SEARCH_PATHS = "$(inherited) @executable_path/Frameworks";
				PRODUCT_BUNDLE_IDENTIFIER = "persional.MYProxy-Demo";
				PRODUCT_NAME = "$(TARGET_NAME)";
				TARGETED_DEVICE_FAMILY = "1,2";
			};
			name = Debug;
		};
		D762E7372100D12C008914C4 /* Release */ = {
			isa = XCBuildConfiguration;
			buildSettings = {
				ASSETCATALOG_COMPILER_APPICON_NAME = AppIcon;
				CODE_SIGN_STYLE = Automatic;
				INFOPLIST_FILE = MYProxy_Demo/Info.plist;
				LD_RUNPATH_SEARCH_PATHS = "$(inherited) @executable_path/Frameworks";
				PRODUCT_BUNDLE_IDENTIFIER = "persional.MYProxy-Demo";
				PRODUCT_NAME = "$(TARGET_NAME)";
				TARGETED_DEVICE_FAMILY = "1,2";
			};
			name = Release;
		};
		D762E7392100D12C008914C4 /* Debug */ = {
			isa = XCBuildConfiguration;
			buildSettings = {
				BUNDLE_LOADER = "$(TEST_HOST)";
				CODE_SIGN_STYLE = Automatic;
				INFOPLIST_FILE = MYProxy_DemoTests/Info.plist;
				LD_RUNPATH_SEARCH_PATHS = "$(inherited) @executable_path/Frameworks @loader_path/Frameworks";
				PRODUCT_BUNDLE_IDENTIFIER = "persional.MYProxy-DemoTests";
				PRODUCT_NAME = "$(TARGET_NAME)";
				TARGETED_DEVICE_FAMILY = "1,2";
				TEST_HOST = "$(BUILT_PRODUCTS_DIR)/MYProxy_Demo.app/MYProxy_Demo";
			};
			name = Debug;
		};
		D762E73A2100D12C008914C4 /* Release */ = {
			isa = XCBuildConfiguration;
			buildSettings = {
				BUNDLE_LOADER = "$(TEST_HOST)";
				CODE_SIGN_STYLE = Automatic;
				INFOPLIST_FILE = MYProxy_DemoTests/Info.plist;
				LD_RUNPATH_SEARCH_PATHS = "$(inherited) @executable_path/Frameworks @loader_path/Frameworks";
				PRODUCT_BUNDLE_IDENTIFIER = "persional.MYProxy-DemoTests";
				PRODUCT_NAME = "$(TARGET_NAME)";
				TARGETED_DEVICE_FAMILY = "1,2";
				TEST_HOST = "$(BUILT_PRODUCTS_DIR)/MYProxy_Demo.app/MYProxy_Demo";
			};
			name = Release;
		};
		D762E73C2100D12C008914C4 /* Debug */ = {
			isa = XCBuildConfiguration;
			buildSettings = {
				CODE_SIGN_STYLE = Automatic;
				INFOPLIST_FILE = MYProxy_DemoUITests/Info.plist;
				LD_RUNPATH_SEARCH_PATHS = "$(inherited) @executable_path/Frameworks @loader_path/Frameworks";
				PRODUCT_BUNDLE_IDENTIFIER = "persional.MYProxy-DemoUITests";
				PRODUCT_NAME = "$(TARGET_NAME)";
				TARGETED_DEVICE_FAMILY = "1,2";
				TEST_TARGET_NAME = MYProxy_Demo;
			};
			name = Debug;
		};
		D762E73D2100D12C008914C4 /* Release */ = {
			isa = XCBuildConfiguration;
			buildSettings = {
				CODE_SIGN_STYLE = Automatic;
				INFOPLIST_FILE = MYProxy_DemoUITests/Info.plist;
				LD_RUNPATH_SEARCH_PATHS = "$(inherited) @executable_path/Frameworks @loader_path/Frameworks";
				PRODUCT_BUNDLE_IDENTIFIER = "persional.MYProxy-DemoUITests";
				PRODUCT_NAME = "$(TARGET_NAME)";
				TARGETED_DEVICE_FAMILY = "1,2";
				TEST_TARGET_NAME = MYProxy_Demo;
			};
			name = Release;
		};
/* End XCBuildConfiguration section */

/* Begin XCConfigurationList section */
		D762E7042100D12C008914C4 /* Build configuration list for PBXProject "MYProxy_Demo" */ = {
			isa = XCConfigurationList;
			buildConfigurations = (
				D762E7332100D12C008914C4 /* Debug */,
				D762E7342100D12C008914C4 /* Release */,
			);
			defaultConfigurationIsVisible = 0;
			defaultConfigurationName = Release;
		};
		D762E7352100D12C008914C4 /* Build configuration list for PBXNativeTarget "MYProxy_Demo" */ = {
			isa = XCConfigurationList;
			buildConfigurations = (
				D762E7362100D12C008914C4 /* Debug */,
				D762E7372100D12C008914C4 /* Release */,
			);
			defaultConfigurationIsVisible = 0;
			defaultConfigurationName = Release;
		};
		D762E7382100D12C008914C4 /* Build configuration list for PBXNativeTarget "MYProxy_DemoTests" */ = {
			isa = XCConfigurationList;
			buildConfigurations = (
				D762E7392100D12C008914C4 /* Debug */,
				D762E73A2100D12C008914C4 /* Release */,
			);
			defaultConfigurationIsVisible = 0;
			defaultConfigurationName = Release;
		};
		D762E73B2100D12C008914C4 /* Build configuration list for PBXNativeTarget "MYProxy_DemoUITests" */ = {
			isa = XCConfigurationList;
			buildConfigurations = (
				D762E73C2100D12C008914C4 /* Debug */,
				D762E73D2100D12C008914C4 /* Release */,
			);
			defaultConfigurationIsVisible = 0;
			defaultConfigurationName = Release;
		};
/* End XCConfigurationList section */
	};
	rootObject = D762E7012100D12C008914C4 /* Project object */;
}
